PODS:
  - AMapFoundation (1.5.6)
  - AMapLocation (2.6.2):
    - AMapFoundation (~> 1.4)

DEPENDENCIES:
  - AMapLocation

SPEC REPOS:
  https://github.com/cocoapods/specs.git:
    - AMapFoundation
    - AMapLocation

SPEC CHECKSUMS:
  AMapFoundation: 20fce2a12cd152e1092afdd04379cdac21932185
  AMapLocation: 89a7e4eb6040d32ba73c77a4966ecc66e46aa7c3

PODFILE CHECKSUM: 2b9fbc78cca47721860b7adc475612f54f3e31a2

COCOAPODS: 1.6.1
