// !$*UTF8*$!
{
	archiveVersion = 1;
	classes = {
	};
	objectVersion = 46;
	objects = {

/* Begin PBXBuildFile section */
		30D8BACC76A3044BBB4203DF /* libPods-BackgroundLocation-swift.a in Frameworks */ = {isa = PBXBuildFile; fileRef = B57800081C96C7AF3F7401F3 /* libPods-BackgroundLocation-swift.a */; };
		3AE62DBC1DCC687E00078B66 /* main.m in Sources */ = {isa = PBXBuildFile; fileRef = 3AE62DBB1DCC687E00078B66 /* main.m */; };
		3AE62DBF1DCC687E00078B66 /* AppDelegate.m in Sources */ = {isa = PBXBuildFile; fileRef = 3AE62DBE1DCC687E00078B66 /* AppDelegate.m */; };
		3AE62DC71DCC687E00078B66 /* Assets.xcassets in Resources */ = {isa = PBXBuildFile; fileRef = 3AE62DC61DCC687E00078B66 /* Assets.xcassets */; };
		3AE62DCA1DCC687E00078B66 /* LaunchScreen.storyboard in Resources */ = {isa = PBXBuildFile; fileRef = 3AE62DC81DCC687E00078B66 /* LaunchScreen.storyboard */; };
		3AE62DD51DCC69E900078B66 /* BackgroundLocationViewController.m in Sources */ = {isa = PBXBuildFile; fileRef = 3AE62DD21DCC69E900078B66 /* BackgroundLocationViewController.m */; };
		6A1CEFF21DF693AD00DB1447 /* AppDelegate.swift in Sources */ = {isa = PBXBuildFile; fileRef = 6A1CEFF11DF693AD00DB1447 /* AppDelegate.swift */; };
		6A1CEFF41DF693AD00DB1447 /* ViewController.swift in Sources */ = {isa = PBXBuildFile; fileRef = 6A1CEFF31DF693AD00DB1447 /* ViewController.swift */; };
		6A1CEFF71DF693AD00DB1447 /* Main.storyboard in Resources */ = {isa = PBXBuildFile; fileRef = 6A1CEFF51DF693AD00DB1447 /* Main.storyboard */; };
		6A1CEFF91DF693AD00DB1447 /* Assets.xcassets in Resources */ = {isa = PBXBuildFile; fileRef = 6A1CEFF81DF693AD00DB1447 /* Assets.xcassets */; };
		6A1CEFFC1DF693AD00DB1447 /* LaunchScreen.storyboard in Resources */ = {isa = PBXBuildFile; fileRef = 6A1CEFFA1DF693AD00DB1447 /* LaunchScreen.storyboard */; };
		74FB0B91C1C072B24F7A0636 /* libPods-BackgroundLocation.a in Frameworks */ = {isa = PBXBuildFile; fileRef = 09BCE2936506E431CB9DEEE0 /* libPods-BackgroundLocation.a */; };
/* End PBXBuildFile section */

/* Begin PBXFileReference section */
		09BCE2936506E431CB9DEEE0 /* libPods-BackgroundLocation.a */ = {isa = PBXFileReference; explicitFileType = archive.ar; includeInIndex = 0; path = "libPods-BackgroundLocation.a"; sourceTree = BUILT_PRODUCTS_DIR; };
		3AE62DB71DCC687E00078B66 /* BackgroundLocation.app */ = {isa = PBXFileReference; explicitFileType = wrapper.application; includeInIndex = 0; path = BackgroundLocation.app; sourceTree = BUILT_PRODUCTS_DIR; };
		3AE62DBB1DCC687E00078B66 /* main.m */ = {isa = PBXFileReference; lastKnownFileType = sourcecode.c.objc; path = main.m; sourceTree = "<group>"; };
		3AE62DBD1DCC687E00078B66 /* AppDelegate.h */ = {isa = PBXFileReference; lastKnownFileType = sourcecode.c.h; path = AppDelegate.h; sourceTree = "<group>"; };
		3AE62DBE1DCC687E00078B66 /* AppDelegate.m */ = {isa = PBXFileReference; lastKnownFileType = sourcecode.c.objc; path = AppDelegate.m; sourceTree = "<group>"; };
		3AE62DC61DCC687E00078B66 /* Assets.xcassets */ = {isa = PBXFileReference; lastKnownFileType = folder.assetcatalog; path = Assets.xcassets; sourceTree = "<group>"; };
		3AE62DC91DCC687E00078B66 /* Base */ = {isa = PBXFileReference; lastKnownFileType = file.storyboard; name = Base; path = Base.lproj/LaunchScreen.storyboard; sourceTree = "<group>"; };
		3AE62DCB1DCC687E00078B66 /* Info.plist */ = {isa = PBXFileReference; lastKnownFileType = text.plist.xml; path = Info.plist; sourceTree = "<group>"; };
		3AE62DD11DCC69E900078B66 /* BackgroundLocationViewController.h */ = {isa = PBXFileReference; fileEncoding = 4; lastKnownFileType = sourcecode.c.h; path = BackgroundLocationViewController.h; sourceTree = "<group>"; };
		3AE62DD21DCC69E900078B66 /* BackgroundLocationViewController.m */ = {isa = PBXFileReference; fileEncoding = 4; lastKnownFileType = sourcecode.c.objc; path = BackgroundLocationViewController.m; sourceTree = "<group>"; };
		3AE62DD41DCC69E900078B66 /* APIKey.h */ = {isa = PBXFileReference; fileEncoding = 4; lastKnownFileType = sourcecode.c.h; path = APIKey.h; sourceTree = "<group>"; };
		4FCAE2E2144990F6CA0E7654 /* Pods-BackgroundLocation.debug.xcconfig */ = {isa = PBXFileReference; includeInIndex = 1; lastKnownFileType = text.xcconfig; name = "Pods-BackgroundLocation.debug.xcconfig"; path = "Pods/Target Support Files/Pods-BackgroundLocation/Pods-BackgroundLocation.debug.xcconfig"; sourceTree = "<group>"; };
		6186DF377CD579E84A0D799F /* Pods-BackgroundLocation.release.xcconfig */ = {isa = PBXFileReference; includeInIndex = 1; lastKnownFileType = text.xcconfig; name = "Pods-BackgroundLocation.release.xcconfig"; path = "Pods/Target Support Files/Pods-BackgroundLocation/Pods-BackgroundLocation.release.xcconfig"; sourceTree = "<group>"; };
		6A1CEFEF1DF693AD00DB1447 /* BackgroundLocation-swift.app */ = {isa = PBXFileReference; explicitFileType = wrapper.application; includeInIndex = 0; path = "BackgroundLocation-swift.app"; sourceTree = BUILT_PRODUCTS_DIR; };
		6A1CEFF11DF693AD00DB1447 /* AppDelegate.swift */ = {isa = PBXFileReference; lastKnownFileType = sourcecode.swift; path = AppDelegate.swift; sourceTree = "<group>"; };
		6A1CEFF31DF693AD00DB1447 /* ViewController.swift */ = {isa = PBXFileReference; lastKnownFileType = sourcecode.swift; path = ViewController.swift; sourceTree = "<group>"; };
		6A1CEFF61DF693AD00DB1447 /* Base */ = {isa = PBXFileReference; lastKnownFileType = file.storyboard; name = Base; path = Base.lproj/Main.storyboard; sourceTree = "<group>"; };
		6A1CEFF81DF693AD00DB1447 /* Assets.xcassets */ = {isa = PBXFileReference; lastKnownFileType = folder.assetcatalog; path = Assets.xcassets; sourceTree = "<group>"; };
		6A1CEFFB1DF693AD00DB1447 /* Base */ = {isa = PBXFileReference; lastKnownFileType = file.storyboard; name = Base; path = Base.lproj/LaunchScreen.storyboard; sourceTree = "<group>"; };
		6A1CEFFD1DF693AD00DB1447 /* Info.plist */ = {isa = PBXFileReference; lastKnownFileType = text.plist.xml; path = Info.plist; sourceTree = "<group>"; };
		6A1CF0011DF693C300DB1447 /* Swift-Bridging-Header.h */ = {isa = PBXFileReference; fileEncoding = 4; lastKnownFileType = sourcecode.c.h; path = "Swift-Bridging-Header.h"; sourceTree = "<group>"; };
		B57800081C96C7AF3F7401F3 /* libPods-BackgroundLocation-swift.a */ = {isa = PBXFileReference; explicitFileType = archive.ar; includeInIndex = 0; path = "libPods-BackgroundLocation-swift.a"; sourceTree = BUILT_PRODUCTS_DIR; };
		BF7ABFAF45ABC2A723665BC4 /* Pods-BackgroundLocation-swift.debug.xcconfig */ = {isa = PBXFileReference; includeInIndex = 1; lastKnownFileType = text.xcconfig; name = "Pods-BackgroundLocation-swift.debug.xcconfig"; path = "Pods/Target Support Files/Pods-BackgroundLocation-swift/Pods-BackgroundLocation-swift.debug.xcconfig"; sourceTree = "<group>"; };
		C51F3CDA583AE20847D153A7 /* Pods-BackgroundLocation-swift.release.xcconfig */ = {isa = PBXFileReference; includeInIndex = 1; lastKnownFileType = text.xcconfig; name = "Pods-BackgroundLocation-swift.release.xcconfig"; path = "Pods/Target Support Files/Pods-BackgroundLocation-swift/Pods-BackgroundLocation-swift.release.xcconfig"; sourceTree = "<group>"; };
/* End PBXFileReference section */

/* Begin PBXFrameworksBuildPhase section */
		3AE62DB41DCC687E00078B66 /* Frameworks */ = {
			isa = PBXFrameworksBuildPhase;
			buildActionMask = 2147483647;
			files = (
				74FB0B91C1C072B24F7A0636 /* libPods-BackgroundLocation.a in Frameworks */,
			);
			runOnlyForDeploymentPostprocessing = 0;
		};
		6A1CEFEC1DF693AD00DB1447 /* Frameworks */ = {
			isa = PBXFrameworksBuildPhase;
			buildActionMask = 2147483647;
			files = (
				30D8BACC76A3044BBB4203DF /* libPods-BackgroundLocation-swift.a in Frameworks */,
			);
			runOnlyForDeploymentPostprocessing = 0;
		};
/* End PBXFrameworksBuildPhase section */

/* Begin PBXGroup section */
		3AE62DAE1DCC687E00078B66 = {
			isa = PBXGroup;
			children = (
				3AE62DB91DCC687E00078B66 /* BackgroundLocation */,
				6A1CEFF01DF693AD00DB1447 /* BackgroundLocation-swift */,
				3AE62DB81DCC687E00078B66 /* Products */,
				FDCE26911B0F202A77533561 /* Pods */,
				75D110FBE32F058377C0F232 /* Frameworks */,
			);
			sourceTree = "<group>";
		};
		3AE62DB81DCC687E00078B66 /* Products */ = {
			isa = PBXGroup;
			children = (
				3AE62DB71DCC687E00078B66 /* BackgroundLocation.app */,
				6A1CEFEF1DF693AD00DB1447 /* BackgroundLocation-swift.app */,
			);
			name = Products;
			sourceTree = "<group>";
		};
		3AE62DB91DCC687E00078B66 /* BackgroundLocation */ = {
			isa = PBXGroup;
			children = (
				3AE62DBD1DCC687E00078B66 /* AppDelegate.h */,
				3AE62DBE1DCC687E00078B66 /* AppDelegate.m */,
				3AE62DD11DCC69E900078B66 /* BackgroundLocationViewController.h */,
				3AE62DD21DCC69E900078B66 /* BackgroundLocationViewController.m */,
				3AE62DD31DCC69E900078B66 /* Configuration */,
				3AE62DC61DCC687E00078B66 /* Assets.xcassets */,
				3AE62DC81DCC687E00078B66 /* LaunchScreen.storyboard */,
				3AE62DCB1DCC687E00078B66 /* Info.plist */,
				3AE62DBA1DCC687E00078B66 /* Supporting Files */,
			);
			path = BackgroundLocation;
			sourceTree = "<group>";
		};
		3AE62DBA1DCC687E00078B66 /* Supporting Files */ = {
			isa = PBXGroup;
			children = (
				3AE62DBB1DCC687E00078B66 /* main.m */,
			);
			name = "Supporting Files";
			sourceTree = "<group>";
		};
		3AE62DD31DCC69E900078B66 /* Configuration */ = {
			isa = PBXGroup;
			children = (
				3AE62DD41DCC69E900078B66 /* APIKey.h */,
			);
			path = Configuration;
			sourceTree = "<group>";
		};
		6A1CEFF01DF693AD00DB1447 /* BackgroundLocation-swift */ = {
			isa = PBXGroup;
			children = (
				6A1CEFF11DF693AD00DB1447 /* AppDelegate.swift */,
				6A1CEFF31DF693AD00DB1447 /* ViewController.swift */,
				6A1CF0011DF693C300DB1447 /* Swift-Bridging-Header.h */,
				6A1CEFF51DF693AD00DB1447 /* Main.storyboard */,
				6A1CEFF81DF693AD00DB1447 /* Assets.xcassets */,
				6A1CEFFA1DF693AD00DB1447 /* LaunchScreen.storyboard */,
				6A1CEFFD1DF693AD00DB1447 /* Info.plist */,
			);
			path = "BackgroundLocation-swift";
			sourceTree = "<group>";
		};
		75D110FBE32F058377C0F232 /* Frameworks */ = {
			isa = PBXGroup;
			children = (
				09BCE2936506E431CB9DEEE0 /* libPods-BackgroundLocation.a */,
				B57800081C96C7AF3F7401F3 /* libPods-BackgroundLocation-swift.a */,
			);
			name = Frameworks;
			sourceTree = "<group>";
		};
		FDCE26911B0F202A77533561 /* Pods */ = {
			isa = PBXGroup;
			children = (
				4FCAE2E2144990F6CA0E7654 /* Pods-BackgroundLocation.debug.xcconfig */,
				6186DF377CD579E84A0D799F /* Pods-BackgroundLocation.release.xcconfig */,
				BF7ABFAF45ABC2A723665BC4 /* Pods-BackgroundLocation-swift.debug.xcconfig */,
				C51F3CDA583AE20847D153A7 /* Pods-BackgroundLocation-swift.release.xcconfig */,
			);
			name = Pods;
			sourceTree = "<group>";
		};
/* End PBXGroup section */

/* Begin PBXNativeTarget section */
		3AE62DB61DCC687E00078B66 /* BackgroundLocation */ = {
			isa = PBXNativeTarget;
			buildConfigurationList = 3AE62DCE1DCC687E00078B66 /* Build configuration list for PBXNativeTarget "BackgroundLocation" */;
			buildPhases = (
				621FDEC1ABA72117DFD0546E /* [CP] Check Pods Manifest.lock */,
				3AE62DB31DCC687E00078B66 /* Sources */,
				3AE62DB41DCC687E00078B66 /* Frameworks */,
				3AE62DB51DCC687E00078B66 /* Resources */,
				48FDB9F8CCD025C73A449E88 /* [CP] Embed Pods Frameworks */,
				DF1CA24B5C2B428DB401F76F /* [CP] Copy Pods Resources */,
			);
			buildRules = (
			);
			dependencies = (
			);
			name = BackgroundLocation;
			productName = BackgroundLocation;
			productReference = 3AE62DB71DCC687E00078B66 /* BackgroundLocation.app */;
			productType = "com.apple.product-type.application";
		};
		6A1CEFEE1DF693AD00DB1447 /* BackgroundLocation-swift */ = {
			isa = PBXNativeTarget;
			buildConfigurationList = 6A1CEFFE1DF693AD00DB1447 /* Build configuration list for PBXNativeTarget "BackgroundLocation-swift" */;
			buildPhases = (
				A2843644CAB499EF6E793848 /* [CP] Check Pods Manifest.lock */,
				6A1CEFEB1DF693AD00DB1447 /* Sources */,
				6A1CEFEC1DF693AD00DB1447 /* Frameworks */,
				6A1CEFED1DF693AD00DB1447 /* Resources */,
				5EE6919C13FF0A7AF02BCFA7 /* [CP] Embed Pods Frameworks */,
				5C0857673BED84BDAFDB0AA9 /* [CP] Copy Pods Resources */,
			);
			buildRules = (
			);
			dependencies = (
			);
			name = "BackgroundLocation-swift";
			productName = "BackgroundLocation-swift";
			productReference = 6A1CEFEF1DF693AD00DB1447 /* BackgroundLocation-swift.app */;
			productType = "com.apple.product-type.application";
		};
/* End PBXNativeTarget section */

/* Begin PBXProject section */
		3AE62DAF1DCC687E00078B66 /* Project object */ = {
			isa = PBXProject;
			attributes = {
				LastSwiftUpdateCheck = 0810;
				LastUpgradeCheck = 0800;
				ORGANIZATIONNAME = AutoNavi;
				TargetAttributes = {
					3AE62DB61DCC687E00078B66 = {
						CreatedOnToolsVersion = 8.0;
						DevelopmentTeam = YMJ372W38W;
						ProvisioningStyle = Manual;
						SystemCapabilities = {
							com.apple.BackgroundModes = {
								enabled = 1;
							};
						};
					};
					6A1CEFEE1DF693AD00DB1447 = {
						CreatedOnToolsVersion = 8.1;
						DevelopmentTeam = YMJ372W38W;
						ProvisioningStyle = Manual;
						SystemCapabilities = {
							com.apple.BackgroundModes = {
								enabled = 1;
							};
						};
					};
				};
			};
			buildConfigurationList = 3AE62DB21DCC687E00078B66 /* Build configuration list for PBXProject "BackgroundLocation" */;
			compatibilityVersion = "Xcode 3.2";
			developmentRegion = English;
			hasScannedForEncodings = 0;
			knownRegions = (
				en,
				Base,
			);
			mainGroup = 3AE62DAE1DCC687E00078B66;
			productRefGroup = 3AE62DB81DCC687E00078B66 /* Products */;
			projectDirPath = "";
			projectRoot = "";
			targets = (
				3AE62DB61DCC687E00078B66 /* BackgroundLocation */,
				6A1CEFEE1DF693AD00DB1447 /* BackgroundLocation-swift */,
			);
		};
/* End PBXProject section */

/* Begin PBXResourcesBuildPhase section */
		3AE62DB51DCC687E00078B66 /* Resources */ = {
			isa = PBXResourcesBuildPhase;
			buildActionMask = 2147483647;
			files = (
				3AE62DCA1DCC687E00078B66 /* LaunchScreen.storyboard in Resources */,
				3AE62DC71DCC687E00078B66 /* Assets.xcassets in Resources */,
			);
			runOnlyForDeploymentPostprocessing = 0;
		};
		6A1CEFED1DF693AD00DB1447 /* Resources */ = {
			isa = PBXResourcesBuildPhase;
			buildActionMask = 2147483647;
			files = (
				6A1CEFFC1DF693AD00DB1447 /* LaunchScreen.storyboard in Resources */,
				6A1CEFF91DF693AD00DB1447 /* Assets.xcassets in Resources */,
				6A1CEFF71DF693AD00DB1447 /* Main.storyboard in Resources */,
			);
			runOnlyForDeploymentPostprocessing = 0;
		};
/* End PBXResourcesBuildPhase section */

/* Begin PBXShellScriptBuildPhase section */
		48FDB9F8CCD025C73A449E88 /* [CP] Embed Pods Frameworks */ = {
			isa = PBXShellScriptBuildPhase;
			buildActionMask = 2147483647;
			files = (
			);
			inputPaths = (
			);
			name = "[CP] Embed Pods Frameworks";
			outputPaths = (
			);
			runOnlyForDeploymentPostprocessing = 0;
			shellPath = /bin/sh;
			shellScript = "\"${SRCROOT}/Pods/Target Support Files/Pods-BackgroundLocation/Pods-BackgroundLocation-frameworks.sh\"\n";
			showEnvVarsInLog = 0;
		};
		5C0857673BED84BDAFDB0AA9 /* [CP] Copy Pods Resources */ = {
			isa = PBXShellScriptBuildPhase;
			buildActionMask = 2147483647;
			files = (
			);
			inputPaths = (
			);
			name = "[CP] Copy Pods Resources";
			outputPaths = (
			);
			runOnlyForDeploymentPostprocessing = 0;
			shellPath = /bin/sh;
			shellScript = "\"${SRCROOT}/Pods/Target Support Files/Pods-BackgroundLocation-swift/Pods-BackgroundLocation-swift-resources.sh\"\n";
			showEnvVarsInLog = 0;
		};
		5EE6919C13FF0A7AF02BCFA7 /* [CP] Embed Pods Frameworks */ = {
			isa = PBXShellScriptBuildPhase;
			buildActionMask = 2147483647;
			files = (
			);
			inputPaths = (
			);
			name = "[CP] Embed Pods Frameworks";
			outputPaths = (
			);
			runOnlyForDeploymentPostprocessing = 0;
			shellPath = /bin/sh;
			shellScript = "\"${SRCROOT}/Pods/Target Support Files/Pods-BackgroundLocation-swift/Pods-BackgroundLocation-swift-frameworks.sh\"\n";
			showEnvVarsInLog = 0;
		};
		621FDEC1ABA72117DFD0546E /* [CP] Check Pods Manifest.lock */ = {
			isa = PBXShellScriptBuildPhase;
			buildActionMask = 2147483647;
			files = (
			);
			inputPaths = (
			);
			name = "[CP] Check Pods Manifest.lock";
			outputPaths = (
			);
			runOnlyForDeploymentPostprocessing = 0;
			shellPath = /bin/sh;
			shellScript = "diff \"${PODS_ROOT}/../Podfile.lock\" \"${PODS_ROOT}/Manifest.lock\" > /dev/null\nif [ $? != 0 ] ; then\n    # print error to STDERR\n    echo \"error: The sandbox is not in sync with the Podfile.lock. Run 'pod install' or update your CocoaPods installation.\" >&2\n    exit 1\nfi\n";
			showEnvVarsInLog = 0;
		};
		A2843644CAB499EF6E793848 /* [CP] Check Pods Manifest.lock */ = {
			isa = PBXShellScriptBuildPhase;
			buildActionMask = 2147483647;
			files = (
			);
			inputPaths = (
			);
			name = "[CP] Check Pods Manifest.lock";
			outputPaths = (
			);
			runOnlyForDeploymentPostprocessing = 0;
			shellPath = /bin/sh;
			shellScript = "diff \"${PODS_ROOT}/../Podfile.lock\" \"${PODS_ROOT}/Manifest.lock\" > /dev/null\nif [ $? != 0 ] ; then\n    # print error to STDERR\n    echo \"error: The sandbox is not in sync with the Podfile.lock. Run 'pod install' or update your CocoaPods installation.\" >&2\n    exit 1\nfi\n";
			showEnvVarsInLog = 0;
		};
		DF1CA24B5C2B428DB401F76F /* [CP] Copy Pods Resources */ = {
			isa = PBXShellScriptBuildPhase;
			buildActionMask = 2147483647;
			files = (
			);
			inputPaths = (
			);
			name = "[CP] Copy Pods Resources";
			outputPaths = (
			);
			runOnlyForDeploymentPostprocessing = 0;
			shellPath = /bin/sh;
			shellScript = "\"${SRCROOT}/Pods/Target Support Files/Pods-BackgroundLocation/Pods-BackgroundLocation-resources.sh\"\n";
			showEnvVarsInLog = 0;
		};
/* End PBXShellScriptBuildPhase section */

/* Begin PBXSourcesBuildPhase section */
		3AE62DB31DCC687E00078B66 /* Sources */ = {
			isa = PBXSourcesBuildPhase;
			buildActionMask = 2147483647;
			files = (
				3AE62DD51DCC69E900078B66 /* BackgroundLocationViewController.m in Sources */,
				3AE62DBF1DCC687E00078B66 /* AppDelegate.m in Sources */,
				3AE62DBC1DCC687E00078B66 /* main.m in Sources */,
			);
			runOnlyForDeploymentPostprocessing = 0;
		};
		6A1CEFEB1DF693AD00DB1447 /* Sources */ = {
			isa = PBXSourcesBuildPhase;
			buildActionMask = 2147483647;
			files = (
				6A1CEFF41DF693AD00DB1447 /* ViewController.swift in Sources */,
				6A1CEFF21DF693AD00DB1447 /* AppDelegate.swift in Sources */,
			);
			runOnlyForDeploymentPostprocessing = 0;
		};
/* End PBXSourcesBuildPhase section */

/* Begin PBXVariantGroup section */
		3AE62DC81DCC687E00078B66 /* LaunchScreen.storyboard */ = {
			isa = PBXVariantGroup;
			children = (
				3AE62DC91DCC687E00078B66 /* Base */,
			);
			name = LaunchScreen.storyboard;
			sourceTree = "<group>";
		};
		6A1CEFF51DF693AD00DB1447 /* Main.storyboard */ = {
			isa = PBXVariantGroup;
			children = (
				6A1CEFF61DF693AD00DB1447 /* Base */,
			);
			name = Main.storyboard;
			sourceTree = "<group>";
		};
		6A1CEFFA1DF693AD00DB1447 /* LaunchScreen.storyboard */ = {
			isa = PBXVariantGroup;
			children = (
				6A1CEFFB1DF693AD00DB1447 /* Base */,
			);
			name = LaunchScreen.storyboard;
			sourceTree = "<group>";
		};
/* End PBXVariantGroup section */

/* Begin XCBuildConfiguration section */
		3AE62DCC1DCC687E00078B66 /* Debug */ = {
			isa = XCBuildConfiguration;
			buildSettings = {
				ALWAYS_SEARCH_USER_PATHS = NO;
				CLANG_ANALYZER_NONNULL = YES;
				CLANG_CXX_LANGUAGE_STANDARD = "gnu++0x";
				CLANG_CXX_LIBRARY = "libc++";
				CLANG_ENABLE_MODULES = YES;
				CLANG_ENABLE_OBJC_ARC = YES;
				CLANG_WARN_BOOL_CONVERSION = YES;
				CLANG_WARN_CONSTANT_CONVERSION = YES;
				CLANG_WARN_DIRECT_OBJC_ISA_USAGE = YES_ERROR;
				CLANG_WARN_DOCUMENTATION_COMMENTS = YES;
				CLANG_WARN_EMPTY_BODY = YES;
				CLANG_WARN_ENUM_CONVERSION = YES;
				CLANG_WARN_INFINITE_RECURSION = YES;
				CLANG_WARN_INT_CONVERSION = YES;
				CLANG_WARN_OBJC_ROOT_CLASS = YES_ERROR;
				CLANG_WARN_SUSPICIOUS_MOVES = YES;
				CLANG_WARN_UNREACHABLE_CODE = YES;
				CLANG_WARN__DUPLICATE_METHOD_MATCH = YES;
				"CODE_SIGN_IDENTITY[sdk=iphoneos*]" = "iPhone Developer";
				COPY_PHASE_STRIP = NO;
				DEBUG_INFORMATION_FORMAT = dwarf;
				ENABLE_STRICT_OBJC_MSGSEND = YES;
				ENABLE_TESTABILITY = YES;
				GCC_C_LANGUAGE_STANDARD = gnu99;
				GCC_DYNAMIC_NO_PIC = NO;
				GCC_NO_COMMON_BLOCKS = YES;
				GCC_OPTIMIZATION_LEVEL = 0;
				GCC_PREPROCESSOR_DEFINITIONS = (
					"DEBUG=1",
					"$(inherited)",
				);
				GCC_WARN_64_TO_32_BIT_CONVERSION = YES;
				GCC_WARN_ABOUT_RETURN_TYPE = YES_ERROR;
				GCC_WARN_UNDECLARED_SELECTOR = YES;
				GCC_WARN_UNINITIALIZED_AUTOS = YES_AGGRESSIVE;
				GCC_WARN_UNUSED_FUNCTION = YES;
				GCC_WARN_UNUSED_VARIABLE = YES;
				IPHONEOS_DEPLOYMENT_TARGET = 10.0;
				MTL_ENABLE_DEBUG_INFO = YES;
				ONLY_ACTIVE_ARCH = YES;
				SDKROOT = iphoneos;
			};
			name = Debug;
		};
		3AE62DCD1DCC687E00078B66 /* Release */ = {
			isa = XCBuildConfiguration;
			buildSettings = {
				ALWAYS_SEARCH_USER_PATHS = NO;
				CLANG_ANALYZER_NONNULL = YES;
				CLANG_CXX_LANGUAGE_STANDARD = "gnu++0x";
				CLANG_CXX_LIBRARY = "libc++";
				CLANG_ENABLE_MODULES = YES;
				CLANG_ENABLE_OBJC_ARC = YES;
				CLANG_WARN_BOOL_CONVERSION = YES;
				CLANG_WARN_CONSTANT_CONVERSION = YES;
				CLANG_WARN_DIRECT_OBJC_ISA_USAGE = YES_ERROR;
				CLANG_WARN_DOCUMENTATION_COMMENTS = YES;
				CLANG_WARN_EMPTY_BODY = YES;
				CLANG_WARN_ENUM_CONVERSION = YES;
				CLANG_WARN_INFINITE_RECURSION = YES;
				CLANG_WARN_INT_CONVERSION = YES;
				CLANG_WARN_OBJC_ROOT_CLASS = YES_ERROR;
				CLANG_WARN_SUSPICIOUS_MOVES = YES;
				CLANG_WARN_UNREACHABLE_CODE = YES;
				CLANG_WARN__DUPLICATE_METHOD_MATCH = YES;
				"CODE_SIGN_IDENTITY[sdk=iphoneos*]" = "iPhone Developer";
				COPY_PHASE_STRIP = NO;
				DEBUG_INFORMATION_FORMAT = "dwarf-with-dsym";
				ENABLE_NS_ASSERTIONS = NO;
				ENABLE_STRICT_OBJC_MSGSEND = YES;
				GCC_C_LANGUAGE_STANDARD = gnu99;
				GCC_NO_COMMON_BLOCKS = YES;
				GCC_WARN_64_TO_32_BIT_CONVERSION = YES;
				GCC_WARN_ABOUT_RETURN_TYPE = YES_ERROR;
				GCC_WARN_UNDECLARED_SELECTOR = YES;
				GCC_WARN_UNINITIALIZED_AUTOS = YES_AGGRESSIVE;
				GCC_WARN_UNUSED_FUNCTION = YES;
				GCC_WARN_UNUSED_VARIABLE = YES;
				IPHONEOS_DEPLOYMENT_TARGET = 10.0;
				MTL_ENABLE_DEBUG_INFO = NO;
				SDKROOT = iphoneos;
				VALIDATE_PRODUCT = YES;
			};
			name = Release;
		};
		3AE62DCF1DCC687E00078B66 /* Debug */ = {
			isa = XCBuildConfiguration;
			baseConfigurationReference = 4FCAE2E2144990F6CA0E7654 /* Pods-BackgroundLocation.debug.xcconfig */;
			buildSettings = {
				ASSETCATALOG_COMPILER_APPICON_NAME = AppIcon;
				DEVELOPMENT_TEAM = YMJ372W38W;
				INFOPLIST_FILE = BackgroundLocation/Info.plist;
				IPHONEOS_DEPLOYMENT_TARGET = 8.0;
				LD_RUNPATH_SEARCH_PATHS = "$(inherited) @executable_path/Frameworks";
				PRODUCT_BUNDLE_IDENTIFIER = com.autonavi.BackgroundLocation;
				PRODUCT_NAME = "$(TARGET_NAME)";
				PROVISIONING_PROFILE = "87cd0391-16b0-4688-90bd-386a7bfa6ffc";
				PROVISIONING_PROFILE_SPECIFIER = openPlatform_development;
			};
			name = Debug;
		};
		3AE62DD01DCC687E00078B66 /* Release */ = {
			isa = XCBuildConfiguration;
			baseConfigurationReference = 6186DF377CD579E84A0D799F /* Pods-BackgroundLocation.release.xcconfig */;
			buildSettings = {
				ASSETCATALOG_COMPILER_APPICON_NAME = AppIcon;
				DEVELOPMENT_TEAM = "";
				INFOPLIST_FILE = BackgroundLocation/Info.plist;
				IPHONEOS_DEPLOYMENT_TARGET = 8.0;
				LD_RUNPATH_SEARCH_PATHS = "$(inherited) @executable_path/Frameworks";
				PRODUCT_BUNDLE_IDENTIFIER = com.autonavi.BackgroundLocation;
				PRODUCT_NAME = "$(TARGET_NAME)";
			};
			name = Release;
		};
		6A1CEFFF1DF693AD00DB1447 /* Debug */ = {
			isa = XCBuildConfiguration;
			baseConfigurationReference = BF7ABFAF45ABC2A723665BC4 /* Pods-BackgroundLocation-swift.debug.xcconfig */;
			buildSettings = {
				ASSETCATALOG_COMPILER_APPICON_NAME = AppIcon;
				DEVELOPMENT_TEAM = YMJ372W38W;
				INFOPLIST_FILE = "BackgroundLocation-swift/Info.plist";
				IPHONEOS_DEPLOYMENT_TARGET = 8.0;
				LD_RUNPATH_SEARCH_PATHS = "$(inherited) @executable_path/Frameworks";
				PRODUCT_BUNDLE_IDENTIFIER = com.autonavi.BackgroundLocation;
				PRODUCT_NAME = "$(TARGET_NAME)";
				PROVISIONING_PROFILE = "d723e77c-6c92-4e6a-98d7-8717d0b88b87";
				PROVISIONING_PROFILE_SPECIFIER = openPlatform_development;
				SWIFT_ACTIVE_COMPILATION_CONDITIONS = DEBUG;
				SWIFT_OBJC_BRIDGING_HEADER = "./BackgroundLocation-swift/Swift-Bridging-Header.h";
				SWIFT_OPTIMIZATION_LEVEL = "-Onone";
				SWIFT_VERSION = 3.0;
				TARGETED_DEVICE_FAMILY = "1,2";
			};
			name = Debug;
		};
		6A1CF0001DF693AD00DB1447 /* Release */ = {
			isa = XCBuildConfiguration;
			baseConfigurationReference = C51F3CDA583AE20847D153A7 /* Pods-BackgroundLocation-swift.release.xcconfig */;
			buildSettings = {
				ASSETCATALOG_COMPILER_APPICON_NAME = AppIcon;
				DEVELOPMENT_TEAM = "";
				INFOPLIST_FILE = "BackgroundLocation-swift/Info.plist";
				IPHONEOS_DEPLOYMENT_TARGET = 8.0;
				LD_RUNPATH_SEARCH_PATHS = "$(inherited) @executable_path/Frameworks";
				PRODUCT_BUNDLE_IDENTIFIER = com.autonavi.BackgroundLocation;
				PRODUCT_NAME = "$(TARGET_NAME)";
				SWIFT_OBJC_BRIDGING_HEADER = "./BackgroundLocation-swift/Swift-Bridging-Header.h";
				SWIFT_OPTIMIZATION_LEVEL = "-Owholemodule";
				SWIFT_VERSION = 3.0;
				TARGETED_DEVICE_FAMILY = "1,2";
			};
			name = Release;
		};
/* End XCBuildConfiguration section */

/* Begin XCConfigurationList section */
		3AE62DB21DCC687E00078B66 /* Build configuration list for PBXProject "BackgroundLocation" */ = {
			isa = XCConfigurationList;
			buildConfigurations = (
				3AE62DCC1DCC687E00078B66 /* Debug */,
				3AE62DCD1DCC687E00078B66 /* Release */,
			);
			defaultConfigurationIsVisible = 0;
			defaultConfigurationName = Release;
		};
		3AE62DCE1DCC687E00078B66 /* Build configuration list for PBXNativeTarget "BackgroundLocation" */ = {
			isa = XCConfigurationList;
			buildConfigurations = (
				3AE62DCF1DCC687E00078B66 /* Debug */,
				3AE62DD01DCC687E00078B66 /* Release */,
			);
			defaultConfigurationIsVisible = 0;
			defaultConfigurationName = Release;
		};
		6A1CEFFE1DF693AD00DB1447 /* Build configuration list for PBXNativeTarget "BackgroundLocation-swift" */ = {
			isa = XCConfigurationList;
			buildConfigurations = (
				6A1CEFFF1DF693AD00DB1447 /* Debug */,
				6A1CF0001DF693AD00DB1447 /* Release */,
			);
			defaultConfigurationIsVisible = 0;
			defaultConfigurationName = Release;
		};
/* End XCConfigurationList section */
	};
	rootObject = 3AE62DAF1DCC687E00078B66 /* Project object */;
}
